{
  "nodes": {
    "flake-parts": {
      "inputs": {
        "nixpkgs-lib": [
          "nixvim",
          "nixpkgs"
        ]
      },
      "locked": {
        "lastModified": 1788450739,
        "narHash": "sha256-glZLQlzIn1fXH6PazR2iUmTo7kzzyYSshrWhLS9TqCU=",
        "owner": "hercules-ci",
        "repo": "flake-parts",
        "rev": "31729ca8cbdb4fa927b34e5f4353e6a83f39e993",
        "type": "github"
      },
      "original": {
        "owner": "hercules-ci",
        "repo": "flake-parts",
        "type": "github"
      }
    },
    "flake-utils": {
      "inputs": {
        "systems": "systems"
      },
      "locked": {
        "lastModified": 1731533236,
        "narHash": "sha256-l0KFg5HjrsfsO/JpG+r7fRrqm12kzFHyUHqHCVpMMbI=",
        "owner": "numtide",
        "repo": "flake-utils",
        "rev": "11707dc2f618dd54ca8739b309ec4fc024de578b",
        "type": "github"
      },
      "original": {
        "owner": "numtide",
        "repo": "flake-utils",
        "type": "github"
      }
    },
    "home-manager": {
      "inputs": {
        "nixpkgs": [
          "nixpkgs"
        ]
      },
      "locked": {
        "lastModified": 1788642154,
        "narHash": "sha256-sPpQFVaFTDqO/4vvCAhuAhqTgqN/ygu+9eJcs5eB0js=",
        "owner": "nix-community",
        "repo": "home-manager",
        "rev": "fd0956c99c41ae3c13a73a638f1f7e963aebc4ab",
        "type": "github"
      },
      "original": {
        "owner": "nix-community",
        "ref": "release-26.05",
        "repo": "home-manager",
        "type": "github"
      }
    },
    "look": {
      "inputs": {
        "nixpkgs": [
          "nixpkgs"
        ],
        "rust-overlay": "rust-overlay"
      },
      "locked": {
        "dir": "apps/linows",
        "lastModified": 1788875348,
        "narHash": "sha256-s3+raxNw/BLvAHbRMI1sPCWpKSoWO44OKAwCvMMImso=",
        "owner": "kunkka19xx",
        "repo": "look",
        "rev": "20c0a1540c869d7d015b6c2037d748bd30618109",
        "type": "github"
      },
      "original": {
        "dir": "apps/linows",
        "owner": "kunkka19xx",
        "repo": "look",
        "type": "github"
      }
    },
    "nix-graph": {
      "inputs": {
        "nixpkgs": "nixpkgs"
      },
      "locked": {
        "lastModified": 1789057111,
        "narHash": "sha256-0kTb6etE3oEM5qVMowIo0g/TC9XoRR/wULj39hb+1tU=",
        "owner": "AlexAntonik",
        "repo": "nix-graph",
        "rev": "520dec6e49968b9ed6b7f6bf45008dc863dc41a6",
        "type": "github"
      },
      "original": {
        "owner": "AlexAntonik",
        "repo": "nix-graph",
        "type": "github"
      }
    },
    "nix-my-gnome": {
      "inputs": {
        "flake-utils": "flake-utils",
        "nixpkgs": [
          "nixpkgs"
        ]
      },
      "locked": {
        "lastModified": 1788649505,
        "narHash": "sha256-6v5vjJTIEOnhY31La7b34tHvb1NrmNZFX/eCOjHjuHI=",
        "owner": "stefan-hacks",
        "repo": "nix-my-gnome",
        "rev": "6dd8065491798f765acf38da9bf8ff12013e9f03",
        "type": "github"
      },
      "original": {
        "owner": "stefan-hacks",
        "repo": "nix-my-gnome",
        "type": "github"
      }
    },
    "nixpkgs": {
      "locked": {
        "lastModified": 1788881743,
        "narHash": "sha256-2V9GZGvPfrNzxFozhI9dcqV+c3QdA8YZrvAAzqEB+dI=",
        "owner": "NixOS",
        "repo": "nixpkgs",
        "rev": "d6524aaca2ff07876657ae2b323f24be4874944b",
        "type": "github"
      },
      "original": {
        "owner": "NixOS",
        "ref": "nixos-unstable",
        "repo": "nixpkgs",
        "type": "github"
      }
    },
    "nixpkgs_2": {
      "locked": {
        "lastModified": 1789009968,
        "narHash": "sha256-GB16oaxpsrnGNnGIE+0uYBqMRzB9X6FYDUvjvnJAYew=",
        "owner": "NixOS",
        "repo": "nixpkgs",
        "rev": "d58a46e3bc02d91ebe04667f8397752a749c0024",
        "type": "github"
      },
      "original": {
        "owner": "NixOS",
        "ref": "nixos-26.05",
        "repo": "nixpkgs",
        "type": "github"
      }
    },
    "nixpkgs_3": {
      "locked": {
        "lastModified": 1788405554,
        "narHash": "sha256-r2f1oUwixlgq9zOdYLqJLfS/lWBT60/IITjhTKI59JU=",
        "owner": "NixOS",
        "repo": "nixpkgs",
        "rev": "a5cc6f2c37bf518436dc8d1c288ccd0c43c2f4c4",
        "type": "github"
      },
      "original": {
        "owner": "NixOS",
        "ref": "nixos-26.05",
        "repo": "nixpkgs",
        "type": "github"
      }
    },
    "nixscope": {
      "inputs": {
        "nixpkgs": [
          "nixpkgs"
        ],
        "rust-overlay": "rust-overlay_2"
      },
      "locked": {
        "lastModified": 1789147929,
        "narHash": "sha256-A6mQaRoUmS2p24HVkTaEPoL1J/Iff24wzaKLCtIluGs=",
        "owner": "stefan-hacks",
        "repo": "nixscope",
        "rev": "cd016e1dd2a2798ac50f9c5987060f81622703fd",
        "type": "github"
      },
      "original": {
        "owner": "stefan-hacks",
        "repo": "nixscope",
        "type": "github"
      }
    },
    "nixvim": {
      "inputs": {
        "flake-parts": "flake-parts",
        "nixpkgs": "nixpkgs_3",
        "systems": "systems_2"
      },
      "locked": {
        "lastModified": 1788623321,
        "narHash": "sha256-i8v07Plhfpx/nVFMvnMSC6P05RQ43mbLQsS5grni4Vk=",
        "owner": "nix-community",
        "repo": "nixvim",
        "rev": "68c2edd2787f055d9c306bcfe726f3b8f11b9441",
        "type": "github"
      },
      "original": {
        "owner": "nix-community",
        "ref": "nixos-26.05",
        "repo": "nixvim",
        "type": "github"
      }
    },
    "root": {
      "inputs": {
        "home-manager": "home-manager",
        "look": "look",
        "nix-graph": "nix-graph",
        "nix-my-gnome": "nix-my-gnome",
        "nixpkgs": "nixpkgs_2",
        "nixscope": "nixscope",
        "nixvim": "nixvim"
      }
    },
    "rust-overlay": {
      "inputs": {
        "nixpkgs": [
          "look",
          "nixpkgs"
        ]
      },
      "locked": {
        "lastModified": 1778296574,
        "narHash": "sha256-DVmg1JCjG0VJTa+FF6tH6tkQChaxzK1EzPL98RiRWU0=",
        "owner": "oxalica",
        "repo": "rust-overlay",
        "rev": "1d634a90dffb59ec9ba52652de311b15528c1595",
        "type": "github"
      },
      "original": {
        "owner": "oxalica",
        "repo": "rust-overlay",
        "type": "github"
      }
    },
    "rust-overlay_2": {
      "inputs": {
        "nixpkgs": [
          "nixscope",
          "nixpkgs"
        ]
      },
      "locked": {
        "lastModified": 1789110695,
        "narHash": "sha256-llh6ZJN8/G4QCED9m6nHEfWhz2ONOzkKyvWHivNqW7A=",
        "owner": "oxalica",
        "repo": "rust-overlay",
        "rev": "ab777f900c3de943e117eb4814ddff6f645b28ad",
        "type": "github"
      },
      "original": {
        "owner": "oxalica",
        "repo": "rust-overlay",
        "type": "github"
      }
    },
    "systems": {
      "locked": {
        "lastModified": 1681028828,
        "narHash": "sha256-Vy1rq5AaRuLzOxct8nz4T6wlgyUR7zLU309k9mBC768=",
        "owner": "nix-systems",
        "repo": "default",
        "rev": "da67096a3b9bf56a91d16901293e51ba5b49a27e",
        "type": "github"
      },
      "original": {
        "owner": "nix-systems",
        "repo": "default",
        "type": "github"
      }
    },
    "systems_2": {
      "locked": {
        "lastModified": 1681028828,
        "narHash": "sha256-Vy1rq5AaRuLzOxct8nz4T6wlgyUR7zLU309k9mBC768=",
        "owner": "nix-systems",
        "repo": "default",
        "rev": "da67096a3b9bf56a91d16901293e51ba5b49a27e",
        "type": "github"
      },
      "original": {
        "owner": "nix-systems",
        "repo": "default",
        "type": "github"
      }
    }
  },
  "root": "root",
  "version": 7
}
